
Microsoft Visual Studio Solution File, Format Version 12.00
# Visual Studio Version 16
VisualStudioVersion = 16.0.29905.134
MinimumVisualStudioVersion = 10.0.40219.1
Project("{9A19103F-16F7-4668-BE54-9A1E7A4F7556}") = "PessimisticConcurrencyService", "Pessimistic Concurrency Service\PessimisticConcurrencyService.csproj", "{C601223B-C029-41D8-8A73-3466E2BEDE2B}"
EndProject
Project("{9A19103F-16F7-4668-BE54-9A1E7A4F7556}") = "PessimisticConcurrencyAPI", "Pessimistic Concurrency API\PessimisticConcurrencyAPI.csproj", "{3DFF36F0-AE8D-4B21-B63A-289B948BD993}"
EndProject
Global
	GlobalSection(SolutionConfigurationPlatforms) = preSolution
		Debug|Any CPU = Debug|Any CPU
		Release|Any CPU = Release|Any CPU
	EndGlobalSection
	GlobalSection(ProjectConfigurationPlatforms) = postSolution
		{C601223B-C029-41D8-8A73-3466E2BEDE2B}.Debug|Any CPU.ActiveCfg = Debug|Any CPU
		{C601223B-C029-41D8-8A73-3466E2BEDE2B}.Debug|Any CPU.Build.0 = Debug|Any CPU
		{C601223B-C029-41D8-8A73-3466E2BEDE2B}.Release|Any CPU.ActiveCfg = Release|Any CPU
		{C601223B-C029-41D8-8A73-3466E2BEDE2B}.Release|Any CPU.Build.0 = Release|Any CPU
		{3DFF36F0-AE8D-4B21-B63A-289B948BD993}.Debug|Any CPU.ActiveCfg = Debug|Any CPU
		{3DFF36F0-AE8D-4B21-B63A-289B948BD993}.Debug|Any CPU.Build.0 = Debug|Any CPU
		{3DFF36F0-AE8D-4B21-B63A-289B948BD993}.Release|Any CPU.ActiveCfg = Release|Any CPU
		{3DFF36F0-AE8D-4B21-B63A-289B948BD993}.Release|Any CPU.Build.0 = Release|Any CPU
	EndGlobalSection
	GlobalSection(SolutionProperties) = preSolution
		HideSolutionNode = FALSE
	EndGlobalSection
	GlobalSection(ExtensibilityGlobals) = postSolution
		SolutionGuid = {86ABED5E-9227-438C-AE13-D43D9F84C539}
	EndGlobalSection
EndGlobal
